// !$*UTF8*$!
{
	archiveVersion = 1;
	classes = {
	};
	objectVersion = 46;
	objects = {

/* Begin PBXBuildFile section */
		A606339F1AD8012C0025036E /* AppDelegate.swift in Sources */ = {isa = PBXBuildFile; fileRef = A606339E1AD8012C0025036E /* AppDelegate.swift */; };
		A60633A11AD8012C0025036E /* ViewController.swift in Sources */ = {isa = PBXBuildFile; fileRef = A60633A01AD8012C0025036E /* ViewController.swift */; };
		A60633A41AD8012C0025036E /* Main.storyboard in Resources */ = {isa = PBXBuildFile; fileRef = A60633A21AD8012C0025036E /* Main.storyboard */; };
		A60633A61AD8012C0025036E /* Images.xcassets in Resources */ = {isa = PBXBuildFile; fileRef = A60633A51AD8012C0025036E /* Images.xcassets */; };
		A60633A91AD8012C0025036E /* LaunchScreen.xib in Resources */ = {isa = PBXBuildFile; fileRef = A60633A71AD8012C0025036E /* LaunchScreen.xib */; };
		A60633B51AD8012C0025036E /* Aufgabe2_PaulSprotteTests.swift in Sources */ = {isa = PBXBuildFile; fileRef = A60633B41AD8012C0025036E /* Aufgabe2_PaulSprotteTests.swift */; };
/* End PBXBuildFile section */

/* Begin PBXContainerItemProxy section */
		A60633AF1AD8012C0025036E /* PBXContainerItemProxy */ = {
			isa = PBXContainerItemProxy;
			containerPortal = A60633911AD8012C0025036E /* Project object */;
			proxyType = 1;
			remoteGlobalIDString = A60633981AD8012C0025036E;
			remoteInfo = Aufgabe2_PaulSprotte;
		};
/* End PBXContainerItemProxy section */

/* Begin PBXFileReference section */
		A60633991AD8012C0025036E /* Aufgabe2_PaulSprotte.app */ = {isa = PBXFileReference; explicitFileType = wrapper.application; includeInIndex = 0; path = Aufgabe2_PaulSprotte.app; sourceTree = BUILT_PRODUCTS_DIR; };
		A606339D1AD8012C0025036E /* Info.plist */ = {isa = PBXFileReference; lastKnownFileType = text.plist.xml; path = Info.plist; sourceTree = "<group>"; };
		A606339E1AD8012C0025036E /* AppDelegate.swift */ = {isa = PBXFileReference; lastKnownFileType = sourcecode.swift; path = AppDelegate.swift; sourceTree = "<group>"; };
		A60633A01AD8012C0025036E /* ViewController.swift */ = {isa = PBXFileReference; lastKnownFileType = sourcecode.swift; path = ViewController.swift; sourceTree = "<group>"; };
		A60633A31AD8012C0025036E /* Base */ = {isa = PBXFileReference; lastKnownFileType = file.storyboard; name = Base; path = Base.lproj/Main.storyboard; sourceTree = "<group>"; };
		A60633A51AD8012C0025036E /* Images.xcassets */ = {isa = PBXFileReference; lastKnownFileType = folder.assetcatalog; path = Images.xcassets; sourceTree = "<group>"; };
		A60633A81AD8012C0025036E /* Base */ = {isa = PBXFileReference; lastKnownFileType = file.xib; name = Base; path = Base.lproj/LaunchScreen.xib; sourceTree = "<group>"; };
		A60633AE1AD8012C0025036E /* Aufgabe2_PaulSprotteTests.xctest */ = {isa = PBXFileReference; explicitFileType = wrapper.cfbundle; includeInIndex = 0; path = Aufgabe2_PaulSprotteTests.xctest; sourceTree = BUILT_PRODUCTS_DIR; };
		A60633B31AD8012C0025036E /* Info.plist */ = {isa = PBXFileReference; lastKnownFileType = text.plist.xml; path = Info.plist; sourceTree = "<group>"; };
		A60633B41AD8012C0025036E /* Aufgabe2_PaulSprotteTests.swift */ = {isa = PBXFileReference; lastKnownFileType = sourcecode.swift; path = Aufgabe2_PaulSprotteTests.swift; sourceTree = "<group>"; };
/* End PBXFileReference section */

/* Begin PBXFrameworksBuildPhase section */
		A60633961AD8012C0025036E /* Frameworks */ = {
			isa = PBXFrameworksBuildPhase;
			buildActionMask = 2147483647;
			files = (
			);
			runOnlyForDeploymentPostprocessing = 0;
		};
		A60633AB1AD8012C0025036E /* Frameworks */ = {
			isa = PBXFrameworksBuildPhase;
			buildActionMask = 2147483647;
			files = (
			);
			runOnlyForDeploymentPostprocessing = 0;
		};
/* End PBXFrameworksBuildPhase section */

/* Begin PBXGroup section */
		A60633901AD8012C0025036E = {
			isa = PBXGroup;
			children = (
				A606339B1AD8012C0025036E /* Aufgabe2_PaulSprotte */,
				A60633B11AD8012C0025036E /* Aufgabe2_PaulSprotteTests */,
				A606339A1AD8012C0025036E /* Products */,
			);
			sourceTree = "<group>";
		};
		A606339A1AD8012C0025036E /* Products */ = {
			isa = PBXGroup;
			children = (
				A60633991AD8012C0025036E /* Aufgabe2_PaulSprotte.app */,
				A60633AE1AD8012C0025036E /* Aufgabe2_PaulSprotteTests.xctest */,
			);
			name = Products;
			sourceTree = "<group>";
		};
		A606339B1AD8012C0025036E /* Aufgabe2_PaulSprotte */ = {
			isa = PBXGroup;
			children = (
				A606339E1AD8012C0025036E /* AppDelegate.swift */,
				A60633A01AD8012C0025036E /* ViewController.swift */,
				A60633A21AD8012C0025036E /* Main.storyboard */,
				A60633A51AD8012C0025036E /* Images.xcassets */,
				A60633A71AD8012C0025036E /* LaunchScreen.xib */,
				A606339C1AD8012C0025036E /* Supporting Files */,
			);
			path = Aufgabe2_PaulSprotte;
			sourceTree = "<group>";
		};
		A606339C1AD8012C0025036E /* Supporting Files */ = {
			isa = PBXGroup;
			children = (
				A606339D1AD8012C0025036E /* Info.plist */,
			);
			name = "Supporting Files";
			sourceTree = "<group>";
		};
		A60633B11AD8012C0025036E /* Aufgabe2_PaulSprotteTests */ = {
			isa = PBXGroup;
			children = (
				A60633B41AD8012C0025036E /* Aufgabe2_PaulSprotteTests.swift */,
				A60633B21AD8012C0025036E /* Supporting Files */,
			);
			path = Aufgabe2_PaulSprotteTests;
			sourceTree = "<group>";
		};
		A60633B21AD8012C0025036E /* Supporting Files */ = {
			isa = PBXGroup;
			children = (
				A60633B31AD8012C0025036E /* Info.plist */,
			);
			name = "Supporting Files";
			sourceTree = "<group>";
		};
/* End PBXGroup section */

/* Begin PBXNativeTarget section */
		A60633981AD8012C0025036E /* Aufgabe2_PaulSprotte */ = {
			isa = PBXNativeTarget;
			buildConfigurationList = A60633B81AD8012C0025036E /* Build configuration list for PBXNativeTarget "Aufgabe2_PaulSprotte" */;
			buildPhases = (
				A60633951AD8012C0025036E /* Sources */,
				A60633961AD8012C0025036E /* Frameworks */,
				A60633971AD8012C0025036E /* Resources */,
			);
			buildRules = (
			);
			dependencies = (
			);
			name = Aufgabe2_PaulSprotte;
			productName = Aufgabe2_PaulSprotte;
			productReference = A60633991AD8012C0025036E /* Aufgabe2_PaulSprotte.app */;
			productType = "com.apple.product-type.application";
		};
		A60633AD1AD8012C0025036E /* Aufgabe2_PaulSprotteTests */ = {
			isa = PBXNativeTarget;
			buildConfigurationList = A60633BB1AD8012C0025036E /* Build configuration list for PBXNativeTarget "Aufgabe2_PaulSprotteTests" */;
			buildPhases = (
				A60633AA1AD8012C0025036E /* Sources */,
				A60633AB1AD8012C0025036E /* Frameworks */,
				A60633AC1AD8012C0025036E /* Resources */,
			);
			buildRules = (
			);
			dependencies = (
				A60633B01AD8012C0025036E /* PBXTargetDependency */,
			);
			name = Aufgabe2_PaulSprotteTests;
			productName = Aufgabe2_PaulSprotteTests;
			productReference = A60633AE1AD8012C0025036E /* Aufgabe2_PaulSprotteTests.xctest */;
			productType = "com.apple.product-type.bundle.unit-test";
		};
/* End PBXNativeTarget section */

/* Begin PBXProject section */
		A60633911AD8012C0025036E /* Project object */ = {
			isa = PBXProject;
			attributes = {
				LastUpgradeCheck = 0620;
				ORGANIZATIONNAME = "Paul Sprotte";
				TargetAttributes = {
					A60633981AD8012C0025036E = {
						CreatedOnToolsVersion = 6.2;
					};
					A60633AD1AD8012C0025036E = {
						CreatedOnToolsVersion = 6.2;
						TestTargetID = A60633981AD8012C0025036E;
					};
				};
			};
			buildConfigurationList = A60633941AD8012C0025036E /* Build configuration list for PBXProject "Aufgabe2_PaulSprotte" */;
			compatibilityVersion = "Xcode 3.2";
			developmentRegion = English;
			hasScannedForEncodings = 0;
			knownRegions = (
				en,
				Base,
			);
			mainGroup = A60633901AD8012C0025036E;
			productRefGroup = A606339A1AD8012C0025036E /* Products */;
			projectDirPath = "";
			projectRoot = "";
			targets = (
				A60633981AD8012C0025036E /* Aufgabe2_PaulSprotte */,
				A60633AD1AD8012C0025036E /* Aufgabe2_PaulSprotteTests */,
			);
		};
/* End PBXProject section */

/* Begin PBXResourcesBuildPhase section */
		A60633971AD8012C0025036E /* Resources */ = {
			isa = PBXResourcesBuildPhase;
			buildActionMask = 2147483647;
			files = (
				A60633A41AD8012C0025036E /* Main.storyboard in Resources */,
				A60633A91AD8012C0025036E /* LaunchScreen.xib in Resources */,
				A60633A61AD8012C0025036E /* Images.xcassets in Resources */,
			);
			runOnlyForDeploymentPostprocessing = 0;
		};
		A60633AC1AD8012C0025036E /* Resources */ = {
			isa = PBXResourcesBuildPhase;
			buildActionMask = 2147483647;
			files = (
			);
			runOnlyForDeploymentPostprocessing = 0;
		};
/* End PBXResourcesBuildPhase section */

/* Begin PBXSourcesBuildPhase section */
		A60633951AD8012C0025036E /* Sources */ = {
			isa = PBXSourcesBuildPhase;
			buildActionMask = 2147483647;
			files = (
				A60633A11AD8012C0025036E /* ViewController.swift in Sources */,
				A606339F1AD8012C0025036E /* AppDelegate.swift in Sources */,
			);
			runOnlyForDeploymentPostprocessing = 0;
		};
		A60633AA1AD8012C0025036E /* Sources */ = {
			isa = PBXSourcesBuildPhase;
			buildActionMask = 2147483647;
			files = (
				A60633B51AD8012C0025036E /* Aufgabe2_PaulSprotteTests.swift in Sources */,
			);
			runOnlyForDeploymentPostprocessing = 0;
		};
/* End PBXSourcesBuildPhase section */

/* Begin PBXTargetDependency section */
		A60633B01AD8012C0025036E /* PBXTargetDependency */ = {
			isa = PBXTargetDependency;
			target = A60633981AD8012C0025036E /* Aufgabe2_PaulSprotte */;
			targetProxy = A60633AF1AD8012C0025036E /* PBXContainerItemProxy */;
		};
/* End PBXTargetDependency section */

/* Begin PBXVariantGroup section */
		A60633A21AD8012C0025036E /* Main.storyboard */ = {
			isa = PBXVariantGroup;
			children = (
				A60633A31AD8012C0025036E /* Base */,
			);
			name = Main.storyboard;
			sourceTree = "<group>";
		};
		A60633A71AD8012C0025036E /* LaunchScreen.xib */ = {
			isa = PBXVariantGroup;
			children = (
				A60633A81AD8012C0025036E /* Base */,
			);
			name = LaunchScreen.xib;
			sourceTree = "<group>";
		};
/* End PBXVariantGroup section */

/* Begin XCBuildConfiguration section */
		A60633B61AD8012C0025036E /* Debug */ = {
			isa = XCBuildConfiguration;
			buildSettings = {
				ALWAYS_SEARCH_USER_PATHS = NO;
				CLANG_CXX_LANGUAGE_STANDARD = "gnu++0x";
				CLANG_CXX_LIBRARY = "libc++";
				CLANG_ENABLE_MODULES = YES;
				CLANG_ENABLE_OBJC_ARC = YES;
				CLANG_WARN_BOOL_CONVERSION = YES;
				CLANG_WARN_CONSTANT_CONVERSION = YES;
				CLANG_WARN_DIRECT_OBJC_ISA_USAGE = YES_ERROR;
				CLANG_WARN_EMPTY_BODY = YES;
				CLANG_WARN_ENUM_CONVERSION = YES;
				CLANG_WARN_INT_CONVERSION = YES;
				CLANG_WARN_OBJC_ROOT_CLASS = YES_ERROR;
				CLANG_WARN_UNREACHABLE_CODE = YES;
				CLANG_WARN__DUPLICATE_METHOD_MATCH = YES;
				"CODE_SIGN_IDENTITY[sdk=iphoneos*]" = "iPhone Developer";
				COPY_PHASE_STRIP = NO;
				ENABLE_STRICT_OBJC_MSGSEND = YES;
				GCC_C_LANGUAGE_STANDARD = gnu99;
				GCC_DYNAMIC_NO_PIC = NO;
				GCC_OPTIMIZATION_LEVEL = 0;
				GCC_PREPROCESSOR_DEFINITIONS = (
					"DEBUG=1",
					"$(inherited)",
				);
				GCC_SYMBOLS_PRIVATE_EXTERN = NO;
				GCC_WARN_64_TO_32_BIT_CONVERSION = YES;
				GCC_WARN_ABOUT_RETURN_TYPE = YES_ERROR;
				GCC_WARN_UNDECLARED_SELECTOR = YES;
				GCC_WARN_UNINITIALIZED_AUTOS = YES_AGGRESSIVE;
				GCC_WARN_UNUSED_FUNCTION = YES;
				GCC_WARN_UNUSED_VARIABLE = YES;
				IPHONEOS_DEPLOYMENT_TARGET = 8.2;
				MTL_ENABLE_DEBUG_INFO = YES;
				ONLY_ACTIVE_ARCH = YES;
				SDKROOT = iphoneos;
				SWIFT_OPTIMIZATION_LEVEL = "-Onone";
				TARGETED_DEVICE_FAMILY = "1,2";
			};
			name = Debug;
		};
		A60633B71AD8012C0025036E /* Release */ = {
			isa = XCBuildConfiguration;
			buildSettings = {
				ALWAYS_SEARCH_USER_PATHS = NO;
				CLANG_CXX_LANGUAGE_STANDARD = "gnu++0x";
				CLANG_CXX_LIBRARY = "libc++";
				CLANG_ENABLE_MODULES = YES;
				CLANG_ENABLE_OBJC_ARC = YES;
				CLANG_WARN_BOOL_CONVERSION = YES;
				CLANG_WARN_CONSTANT_CONVERSION = YES;
				CLANG_WARN_DIRECT_OBJC_ISA_USAGE = YES_ERROR;
				CLANG_WARN_EMPTY_BODY = YES;
				CLANG_WARN_ENUM_CONVERSION = YES;
				CLANG_WARN_INT_CONVERSION = YES;
				CLANG_WARN_OBJC_ROOT_CLASS = YES_ERROR;
				CLANG_WARN_UNREACHABLE_CODE = YES;
				CLANG_WARN__DUPLICATE_METHOD_MATCH = YES;
				"CODE_SIGN_IDENTITY[sdk=iphoneos*]" = "iPhone Developer";
				COPY_PHASE_STRIP = NO;
				ENABLE_NS_ASSERTIONS = NO;
				ENABLE_STRICT_OBJC_MSGSEND = YES;
				GCC_C_LANGUAGE_STANDARD = gnu99;
				GCC_WARN_64_TO_32_BIT_CONVERSION = YES;
				GCC_WARN_ABOUT_RETURN_TYPE = YES_ERROR;
				GCC_WARN_UNDECLARED_SELECTOR = YES;
				GCC_WARN_UNINITIALIZED_AUTOS = YES_AGGRESSIVE;
				GCC_WARN_UNUSED_FUNCTION = YES;
				GCC_WARN_UNUSED_VARIABLE = YES;
				IPHONEOS_DEPLOYMENT_TARGET = 8.2;
				MTL_ENABLE_DEBUG_INFO = NO;
				SDKROOT = iphoneos;
				TARGETED_DEVICE_FAMILY = "1,2";
				VALIDATE_PRODUCT = YES;
			};
			name = Release;
		};
		A60633B91AD8012C0025036E /* Debug */ = {
			isa = XCBuildConfiguration;
			buildSettings = {
				ASSETCATALOG_COMPILER_APPICON_NAME = AppIcon;
				INFOPLIST_FILE = Aufgabe2_PaulSprotte/Info.plist;
				LD_RUNPATH_SEARCH_PATHS = "$(inherited) @executable_path/Frameworks";
				PRODUCT_NAME = "$(TARGET_NAME)";
			};
			name = Debug;
		};
		A60633BA1AD8012C0025036E /* Release */ = {
			isa = XCBuildConfiguration;
			buildSettings = {
				ASSETCATALOG_COMPILER_APPICON_NAME = AppIcon;
				INFOPLIST_FILE = Aufgabe2_PaulSprotte/Info.plist;
				LD_RUNPATH_SEARCH_PATHS = "$(inherited) @executable_path/Frameworks";
				PRODUCT_NAME = "$(TARGET_NAME)";
			};
			name = Release;
		};
		A60633BC1AD8012C0025036E /* Debug */ = {
			isa = XCBuildConfiguration;
			buildSettings = {
				BUNDLE_LOADER = "$(TEST_HOST)";
				FRAMEWORK_SEARCH_PATHS = (
					"$(SDKROOT)/Developer/Library/Frameworks",
					"$(inherited)",
				);
				GCC_PREPROCESSOR_DEFINITIONS = (
					"DEBUG=1",
					"$(inherited)",
				);
				INFOPLIST_FILE = Aufgabe2_PaulSprotteTests/Info.plist;
				LD_RUNPATH_SEARCH_PATHS = "$(inherited) @executable_path/Frameworks @loader_path/Frameworks";
				PRODUCT_NAME = "$(TARGET_NAME)";
				TEST_HOST = "$(BUILT_PRODUCTS_DIR)/Aufgabe2_PaulSprotte.app/Aufgabe2_PaulSprotte";
			};
			name = Debug;
		};
		A60633BD1AD8012C0025036E /* Release */ = {
			isa = XCBuildConfiguration;
			buildSettings = {
				BUNDLE_LOADER = "$(TEST_HOST)";
				FRAMEWORK_SEARCH_PATHS = (
					"$(SDKROOT)/Developer/Library/Frameworks",
					"$(inherited)",
				);
				INFOPLIST_FILE = Aufgabe2_PaulSprotteTests/Info.plist;
				LD_RUNPATH_SEARCH_PATHS = "$(inherited) @executable_path/Frameworks @loader_path/Frameworks";
				PRODUCT_NAME = "$(TARGET_NAME)";
				TEST_HOST = "$(BUILT_PRODUCTS_DIR)/Aufgabe2_PaulSprotte.app/Aufgabe2_PaulSprotte";
			};
			name = Release;
		};
/* End XCBuildConfiguration section */

/* Begin XCConfigurationList section */
		A60633941AD8012C0025036E /* Build configuration list for PBXProject "Aufgabe2_PaulSprotte" */ = {
			isa = XCConfigurationList;
			buildConfigurations = (
				A60633B61AD8012C0025036E /* Debug */,
				A60633B71AD8012C0025036E /* Release */,
			);
			defaultConfigurationIsVisible = 0;
			defaultConfigurationName = Release;
		};
		A60633B81AD8012C0025036E /* Build configuration list for PBXNativeTarget "Aufgabe2_PaulSprotte" */ = {
			isa = XCConfigurationList;
			buildConfigurations = (
				A60633B91AD8012C0025036E /* Debug */,
				A60633BA1AD8012C0025036E /* Release */,
			);
			defaultConfigurationIsVisible = 0;
		};
		A60633BB1AD8012C0025036E /* Build configuration list for PBXNativeTarget "Aufgabe2_PaulSprotteTests" */ = {
			isa = XCConfigurationList;
			buildConfigurations = (
				A60633BC1AD8012C0025036E /* Debug */,
				A60633BD1AD8012C0025036E /* Release */,
			);
			defaultConfigurationIsVisible = 0;
		};
/* End XCConfigurationList section */
	};
	rootObject = A60633911AD8012C0025036E /* Project object */;
}
